{
  "name": "@worker-tools/deno-kv-storage",
  "version": "0.2.0",
  "lockfileVersion": 2,
  "requires": true,
  "packages": {
    "": {
      "name": "@worker-tools/deno-kv-storage",
      "version": "0.2.0",
      "license": "MIT",
      "dependencies": {
        "kv-storage-interface": "^0.2.0"
      }
    },
    "node_modules/kv-storage-interface": {
      "version": "0.2.0",
      "resolved": "https://registry.npmjs.org/kv-storage-interface/-/kv-storage-interface-0.2.0.tgz",
      "integrity": "sha512-W1QWU/6yj7j7pXRoXkOwv/QEieiaBHcEEeYSPY6D7w7mgwx2NuC0FRS8D6/gSKyfharRXR01aLiEkKRjZMGCOQ=="
    }
  },
  "dependencies": {
    "kv-storage-interface": {
      "version": "0.2.0",
      "resolved": "https://registry.npmjs.org/kv-storage-interface/-/kv-storage-interface-0.2.0.tgz",
      "integrity": "sha512-W1QWU/6yj7j7pXRoXkOwv/QEieiaBHcEEeYSPY6D7w7mgwx2NuC0FRS8D6/gSKyfharRXR01aLiEkKRjZMGCOQ=="
    }
  }
}
